
Microsoft Visual Studio Solution File, Format Version 12.00
# Visual Studio 15
VisualStudioVersion = 15.0.28307.329
MinimumVisualStudioVersion = 10.0.40219.1
Project("{FAE04EC0-301F-11D3-BF4B-00C04F79EFBC}") = "WpfApp1", "WpfApp1\WpfApp1.csproj", "{168C47D3-4425-48C9-A86C-5C79CC353CAD}"
EndProject
Global
	GlobalSection(SolutionConfigurationPlatforms) = preSolution
		Debug|Any CPU = Debug|Any CPU
		Release|Any CPU = Release|Any CPU
	EndGlobalSection
	GlobalSection(ProjectConfigurationPlatforms) = postSolution
		{168C47D3-4425-48C9-A86C-5C79CC353CAD}.Debug|Any CPU.ActiveCfg = Debug|Any CPU
		{168C47D3-4425-48C9-A86C-5C79CC353CAD}.Debug|Any CPU.Build.0 = Debug|Any CPU
		{168C47D3-4425-48C9-A86C-5C79CC353CAD}.Release|Any CPU.ActiveCfg = Release|Any CPU
		{168C47D3-4425-48C9-A86C-5C79CC353CAD}.Release|Any CPU.Build.0 = Release|Any CPU
	EndGlobalSection
	GlobalSection(SolutionProperties) = preSolution
		HideSolutionNode = FALSE
	EndGlobalSection
	GlobalSection(ExtensibilityGlobals) = postSolution
		SolutionGuid = {D467D256-711B-4919-B54D-AD35770B264C}
	EndGlobalSection
EndGlobal
